{
  "name": "javascript-repo",
  "version": "1.0.0",
  "lockfileVersion": 3,
  "requires": true,
  "packages": {
    "": {
      "name": "javascript-repo",
      "version": "1.0.0",
      "license": "ISC",
      "dependencies": {
        "dom-parser": "^0.1.6"
      },
      "engines": {
        "node": ">=19.0.0",
        "npm": ">=8.0.0"
      }
    },
    "node_modules/dom-parser": {
      "version": "0.1.6",
      "resolved": "https://registry.npmjs.org/dom-parser/-/dom-parser-0.1.6.tgz",
      "integrity": "sha512-3nVRKbLEwmGfghLoeT1dxlK/0votalnOfasP+8VCHYDfDuCETY4LeMblfOeqww6XZk2ymZ1Uewy/hVad6Dy3yw=="
    }
  }
}
